{
  "name": "hello",
  "version": "1.0.0",
  "lockfileVersion": 1,
  "requires": true,
  "dependencies": {
    "@rafae1-lerna/hello-world": {
      "version": "0.0.1",
      "resolved": "https://registry.npmjs.org/@rafae1-lerna/hello-world/-/hello-world-0.0.1.tgz",
      "integrity": "sha512-DqPOwqyXLjKjGi9kC627UAEJd5zNySChBumlPRTqJUhBJ7rk1dWuTrgeWtaq+Hu4dzpPaaBhKD0bASU4nihasQ=="
    }
  }
}
